
Microsoft Visual Studio Solution File, Format Version 12.00
# Visual Studio Version 16
VisualStudioVersion = 16.0.31112.23
MinimumVisualStudioVersion = 10.0.40219.1
Project("{9A19103F-16F7-4668-BE54-9A1E7A4F7556}") = "AppStore", "AppStore\AppStore.csproj", "{C5B8FE8C-242F-4CD7-89E0-E8EF9453B19B}"
EndProject
Project("{9A19103F-16F7-4668-BE54-9A1E7A4F7556}") = "AppStoreServer", "AppStoreServer\AppStoreServer.csproj", "{C11CF0EF-9C31-41F0-837C-C480C435FFE0}"
EndProject
Project("{9A19103F-16F7-4668-BE54-9A1E7A4F7556}") = "SharedLibraries", "SharedLibraries\SharedLibraries.csproj", "{FCC24A44-5984-480F-8033-34327C8EDB62}"
EndProject
Global
	GlobalSection(SolutionConfigurationPlatforms) = preSolution
		Debug|Any CPU = Debug|Any CPU
		Release|Any CPU = Release|Any CPU
	EndGlobalSection
	GlobalSection(ProjectConfigurationPlatforms) = postSolution
		{C5B8FE8C-242F-4CD7-89E0-E8EF9453B19B}.Debug|Any CPU.ActiveCfg = Debug|Any CPU
		{C5B8FE8C-242F-4CD7-89E0-E8EF9453B19B}.Debug|Any CPU.Build.0 = Debug|Any CPU
		{C5B8FE8C-242F-4CD7-89E0-E8EF9453B19B}.Release|Any CPU.ActiveCfg = Release|Any CPU
		{C5B8FE8C-242F-4CD7-89E0-E8EF9453B19B}.Release|Any CPU.Build.0 = Release|Any CPU
		{C11CF0EF-9C31-41F0-837C-C480C435FFE0}.Debug|Any CPU.ActiveCfg = Debug|Any CPU
		{C11CF0EF-9C31-41F0-837C-C480C435FFE0}.Debug|Any CPU.Build.0 = Debug|Any CPU
		{C11CF0EF-9C31-41F0-837C-C480C435FFE0}.Release|Any CPU.ActiveCfg = Release|Any CPU
		{C11CF0EF-9C31-41F0-837C-C480C435FFE0}.Release|Any CPU.Build.0 = Release|Any CPU
		{FCC24A44-5984-480F-8033-34327C8EDB62}.Debug|Any CPU.ActiveCfg = Debug|Any CPU
		{FCC24A44-5984-480F-8033-34327C8EDB62}.Debug|Any CPU.Build.0 = Debug|Any CPU
		{FCC24A44-5984-480F-8033-34327C8EDB62}.Release|Any CPU.ActiveCfg = Release|Any CPU
		{FCC24A44-5984-480F-8033-34327C8EDB62}.Release|Any CPU.Build.0 = Release|Any CPU
	EndGlobalSection
	GlobalSection(SolutionProperties) = preSolution
		HideSolutionNode = FALSE
	EndGlobalSection
	GlobalSection(ExtensibilityGlobals) = postSolution
		SolutionGuid = {FB04F320-3F2E-431C-AC1B-1CC1355B4608}
	EndGlobalSection
EndGlobal
